
Microsoft Visual Studio Solution File, Format Version 10.00
# Visual Studio 2008
Project("{FAE04EC0-301F-11D3-BF4B-00C04F79EFBC}") = "String Replacer", "String Replacer\String Replacer.csproj", "{816D0C59-38FF-4694-8F50-B840D7DDDACF}"
EndProject
Global
	GlobalSection(SolutionConfigurationPlatforms) = preSolution
		Debug|Any CPU = Debug|Any CPU
		Release|Any CPU = Release|Any CPU
	EndGlobalSection
	GlobalSection(ProjectConfigurationPlatforms) = postSolution
		{816D0C59-38FF-4694-8F50-B840D7DDDACF}.Debug|Any CPU.ActiveCfg = Debug|Any CPU
		{816D0C59-38FF-4694-8F50-B840D7DDDACF}.Debug|Any CPU.Build.0 = Debug|Any CPU
		{816D0C59-38FF-4694-8F50-B840D7DDDACF}.Release|Any CPU.ActiveCfg = Release|Any CPU
		{816D0C59-38FF-4694-8F50-B840D7DDDACF}.Release|Any CPU.Build.0 = Release|Any CPU
	EndGlobalSection
	GlobalSection(SolutionProperties) = preSolution
		HideSolutionNode = FALSE
	EndGlobalSection
EndGlobal
